{
  "name": "@synectus/bing-webmaster-mcp",
  "version": "0.1.0",
  "lockfileVersion": 3,
  "requires": true,
  "packages": {
    "": {
      "name": "@synectus/bing-webmaster-mcp",
      "version": "0.1.0",
      "cpu": [
        "x64",
        "arm64"
      ],
      "hasInstallScript": true,
      "license": "MIT",
      "os": [
        "darwin",
        "linux",
        "win32"
      ],
      "bin": {
        "mcp-server-bing-webmaster": "run.js"
      },
      "engines": {
        "node": ">=16.0.0",
        "npm": ">=7.0.0"
      },
      "funding": {
        "type": "github",
        "url": "https://github.com/sponsors/isiahw1"
      }
    }
  }
}
